
Microsoft Visual Studio Solution File, Format Version 12.00
# Visual Studio Version 17
VisualStudioVersion = 17.4.33205.214
MinimumVisualStudioVersion = 10.0.40219.1
Project("{FAE04EC0-301F-11D3-BF4B-00C04F79EFBC}") = "Csh_Homework7", "Csh_Homework7.csproj", "{9706F270-9E3B-48A2-884E-8D0363234801}"
EndProject
Global
	GlobalSection(SolutionConfigurationPlatforms) = preSolution
		Debug|Any CPU = Debug|Any CPU
		Release|Any CPU = Release|Any CPU
	EndGlobalSection
	GlobalSection(ProjectConfigurationPlatforms) = postSolution
		{9706F270-9E3B-48A2-884E-8D0363234801}.Debug|Any CPU.ActiveCfg = Debug|Any CPU
		{9706F270-9E3B-48A2-884E-8D0363234801}.Debug|Any CPU.Build.0 = Debug|Any CPU
		{9706F270-9E3B-48A2-884E-8D0363234801}.Release|Any CPU.ActiveCfg = Release|Any CPU
		{9706F270-9E3B-48A2-884E-8D0363234801}.Release|Any CPU.Build.0 = Release|Any CPU
	EndGlobalSection
	GlobalSection(SolutionProperties) = preSolution
		HideSolutionNode = FALSE
	EndGlobalSection
	GlobalSection(ExtensibilityGlobals) = postSolution
		SolutionGuid = {63AF507A-A954-4095-9C94-4DBF9DD06D6B}
	EndGlobalSection
EndGlobal
